# Generated by conda-lock.
# platform: osx-64
# input_hash: 9254398ba73ef18754a7329c4318a571ed72b3c9d98eab45b3df676ecd98aff6
@EXPLICIT
https://conda.anaconda.org/conda-forge/osx-64/bzip2-1.0.8-h0d85af4_4.tar.bz2#37edc4e6304ca87316e160f5ca0bd1b5
https://conda.anaconda.org/conda-forge/osx-64/c-ares-1.18.1-h0d85af4_0.tar.bz2#00b3e98a61e6430808fe7a2534681f28
https://conda.anaconda.org/conda-forge/osx-64/ca-certificates-2022.9.14-h033912b_0.tar.bz2#afb01edfbcb44d528643527b34beeb1d
https://conda.anaconda.org/conda-forge/noarch/font-ttf-dejavu-sans-mono-2.37-hab24e00_0.tar.bz2#0c96522c6bdaed4b1566d11387caaf45
https://conda.anaconda.org/conda-forge/noarch/font-ttf-inconsolata-3.000-h77eed37_0.tar.bz2#34893075a5c9e55cdafac56607368fc6
https://conda.anaconda.org/conda-forge/noarch/font-ttf-source-code-pro-2.038-h77eed37_0.tar.bz2#4d59c254e01d9cde7957100457e2d5fb
https://conda.anaconda.org/conda-forge/noarch/font-ttf-ubuntu-0.83-hab24e00_0.tar.bz2#19410c3df09dfb12d1206132a1d357c5
https://conda.anaconda.org/conda-forge/osx-64/freexl-1.0.6-hb7f2c08_1.tar.bz2#4fc494f8539871247167bbe4167f3277
https://conda.anaconda.org/conda-forge/osx-64/giflib-5.2.1-hbcb3906_2.tar.bz2#be8f747c37e4d7e346c133e641966750
https://conda.anaconda.org/conda-forge/osx-64/jpeg-9e-hac89ed1_2.tar.bz2#60d90a3f5803660c5c2a2e9d883df0a6
https://conda.anaconda.org/conda-forge/osx-64/json-c-0.15-hcb556a6_0.tar.bz2#be82ba36a7d6ffa646c7c2f510727736
https://conda.anaconda.org/conda-forge/osx-64/lame-3.100-h35c211d_1001.tar.bz2#6bb207f7b08380ce2bc833bb60f91046
https://conda.anaconda.org/conda-forge/osx-64/libbrotlicommon-1.0.9-h5eb16cf_7.tar.bz2#898a296a93b36e42a065963bb4504f2b
https://conda.anaconda.org/conda-forge/osx-64/libcxx-14.0.6-hccf4f1f_0.tar.bz2#208a6a874b073277374de48a782f6b10
https://conda.anaconda.org/conda-forge/osx-64/libdeflate-1.14-hb7f2c08_0.tar.bz2#ce2a6075114c9b64ad8cace52492feee
https://conda.anaconda.org/conda-forge/osx-64/libev-4.33-haf1e3a3_1.tar.bz2#79dc2be110b2a3d1e97ec21f691c50ad
https://conda.anaconda.org/conda-forge/osx-64/libffi-3.4.2-h0d85af4_5.tar.bz2#ccb34fb14960ad8b125962d3d79b31a9
https://conda.anaconda.org/conda-forge/osx-64/libiconv-1.16-haf1e3a3_0.tar.bz2#c5fab167412a52e491c8e11453ae016f
https://conda.anaconda.org/conda-forge/osx-64/libwebp-base-1.2.4-h775f41a_0.tar.bz2#28807bef802a354f9c164e7ab242c5cb
https://conda.anaconda.org/conda-forge/osx-64/libzlib-1.2.12-hfd90126_3.tar.bz2#7fc40fa575092093bea11afa0c29ee10
https://conda.anaconda.org/conda-forge/osx-64/llvm-openmp-14.0.4-ha654fa7_0.tar.bz2#5d5ab9ab83ce21422be84ecfd3142201
https://conda.anaconda.org/conda-forge/osx-64/ncurses-6.3-h96cf925_1.tar.bz2#76217ebfbb163ff2770a261f955a5861
https://conda.anaconda.org/conda-forge/osx-64/nettle-3.6-hedd7734_0.tar.bz2#9c9d5d69c39596b22a7495aef3310a3d
https://conda.anaconda.org/conda-forge/osx-64/pixman-0.40.0-hbcb3906_0.tar.bz2#09a583a6f172715be21d93aaa1b42d71
https://conda.anaconda.org/conda-forge/noarch/poppler-data-0.4.11-hd8ed1ab_0.tar.bz2#abc27381c4f005da588cffa1f76403ee
https://conda.anaconda.org/conda-forge/osx-64/pthread-stubs-0.4-hc929b4f_1001.tar.bz2#addd19059de62181cd11ae8f4ef26084
https://conda.anaconda.org/conda-forge/osx-64/tzcode-2022c-h775f41a_0.tar.bz2#19e300fba9af49bbb1a04cce41873026
https://conda.anaconda.org/conda-forge/noarch/tzdata-2022c-h191b570_0.tar.bz2#a56386ad31a7322940dd7d03fb3a9979
https://conda.anaconda.org/conda-forge/osx-64/x264-1!161.3030-h0d85af4_1.tar.bz2#3162269a4e63ed7dcf34ffef591aef94
https://conda.anaconda.org/conda-forge/osx-64/xorg-libxau-1.0.9-h35c211d_0.tar.bz2#c5049997b2e98edfbcdd294582f66281
https://conda.anaconda.org/conda-forge/osx-64/xorg-libxdmcp-1.1.3-h35c211d_0.tar.bz2#86ac76d6bf1cbb9621943eb3bd9ae36e
https://conda.anaconda.org/conda-forge/osx-64/xz-5.2.6-h775f41a_0.tar.bz2#a72f9d4ea13d55d745ff1ed594747f10
https://conda.anaconda.org/conda-forge/osx-64/yaml-0.2.5-h0d85af4_2.tar.bz2#d7e08fcf8259d742156188e8762b4d20
https://conda.anaconda.org/conda-forge/osx-64/expat-2.4.8-h96cf925_0.tar.bz2#529d357c143fb98b9af77d687f82a3e0
https://conda.anaconda.org/conda-forge/noarch/fonts-conda-forge-1-0.tar.bz2#f766549260d6815b0c52253f1fb1bb29
https://conda.anaconda.org/conda-forge/osx-64/geos-3.9.1-he49afe7_2.tar.bz2#bd87b3078f6c10345cab62f3f8a6a04e
https://conda.anaconda.org/conda-forge/osx-64/gettext-0.19.8.1-hd1a6beb_1008.tar.bz2#28c370fc39becf486601d9e491a5e184
https://conda.anaconda.org/conda-forge/osx-64/gmp-6.2.1-h2e338ed_0.tar.bz2#dedc96914428dae572a39e69ee2a392f
https://conda.anaconda.org/conda-forge/osx-64/graphite2-1.3.13-h2e338ed_1001.tar.bz2#5f6e7f98caddd0fc2d345b207531814c
https://conda.anaconda.org/conda-forge/osx-64/hdf4-4.2.15-h0623a88_4.tar.bz2#4e0c236f082ac1864b3380b6728fcf7b
https://conda.anaconda.org/conda-forge/osx-64/icu-68.2-he49afe7_0.tar.bz2#c5de93735153d0d334a6b841e763fdb2
https://conda.anaconda.org/conda-forge/osx-64/jasper-2.0.33-h013e400_0.tar.bz2#1de5b5bb9fdbd7eaee5b640f2e7ac1d5
https://conda.anaconda.org/conda-forge/osx-64/lerc-4.0.0-hb486fe8_0.tar.bz2#f9d6a4c82889d5ecedec1d90eb673c55
https://conda.anaconda.org/conda-forge/osx-64/libbrotlidec-1.0.9-h5eb16cf_7.tar.bz2#2f53da3dfe9d14ef4666ad2558df8615
https://conda.anaconda.org/conda-forge/osx-64/libbrotlienc-1.0.9-h5eb16cf_7.tar.bz2#16993c3cd38b5ad4980b0934ac308ef6
https://conda.anaconda.org/conda-forge/osx-64/libedit-3.1.20191231-h0678c8f_2.tar.bz2#6016a8a1d0e63cac3de2c352cd40208b
https://conda.anaconda.org/conda-forge/osx-64/libgfortran5-11.3.0-h082f757_25.tar.bz2#2c8fd85ee58fc04f8cc52aaa28bceca3
https://conda.anaconda.org/conda-forge/osx-64/libpng-1.6.37-h5481273_4.tar.bz2#20f30f6e91d3bec3fc24325b9a0ff5f1
https://conda.anaconda.org/conda-forge/osx-64/libspatialindex-1.9.3-he49afe7_4.tar.bz2#b1c13764417c32fa87fac733caa82a64
https://conda.anaconda.org/conda-forge/osx-64/libsqlite-3.39.3-ha978bb4_0.tar.bz2#5675a8b76e80758b67db618ad5c20259
https://conda.anaconda.org/conda-forge/osx-64/libxcb-1.13-h0d85af4_1004.tar.bz2#eb7860935e14aec936065cbc21a1a962
https://conda.anaconda.org/conda-forge/osx-64/lz4-c-1.9.3-he49afe7_1.tar.bz2#05c08241b66631c00ca4f9e0b75320bc
https://conda.anaconda.org/conda-forge/osx-64/nspr-4.32-hcd9eead_1.tar.bz2#8d7d6d0d86b10bd80e2096058c240a45
https://conda.anaconda.org/conda-forge/osx-64/openssl-1.1.1q-hfe4f2af_0.tar.bz2#ce822517fb00e8bafea6fe77d07f20bd
https://conda.anaconda.org/conda-forge/osx-64/pcre-8.45-he49afe7_0.tar.bz2#0526850419e04ac003bc0b65a78dc4cc
https://conda.anaconda.org/conda-forge/osx-64/readline-8.1.2-h3899abd_0.tar.bz2#89fa404901fa8fb7d4f4e07083b8d635
https://conda.anaconda.org/conda-forge/osx-64/tk-8.6.12-h5dbffcc_0.tar.bz2#8e9480d9c47061db2ed1b4ecce519a7f
https://conda.anaconda.org/conda-forge/osx-64/zlib-1.2.12-hfd90126_3.tar.bz2#09da16c715a1c25ec62731a63ecd9318
https://conda.anaconda.org/conda-forge/osx-64/zstd-1.5.2-hfa58983_4.tar.bz2#0b446e84f3ccf085e590dc1f73eebe3f
https://conda.anaconda.org/conda-forge/osx-64/boost-cpp-1.74.0-hff03dee_4.tar.bz2#7c49bc0e1d27a21ef936d27b4a849370
https://conda.anaconda.org/conda-forge/osx-64/brotli-bin-1.0.9-h5eb16cf_7.tar.bz2#6ae0a8419a03d0d9675f319bef66d3aa
https://conda.anaconda.org/conda-forge/noarch/fonts-conda-ecosystem-1-0.tar.bz2#fee5683a3f04bd15cbd8318b096a27ab
https://conda.anaconda.org/conda-forge/osx-64/freetype-2.12.1-h3f81eb7_0.tar.bz2#6afb5b1664496c575117efe9aa2c9ba9
https://conda.anaconda.org/conda-forge/osx-64/gnutls-3.6.13-h756fd2b_1.tar.bz2#cf812214a917b4d48ce536d427770ec9
https://conda.anaconda.org/conda-forge/osx-64/krb5-1.19.3-hb49756b_0.tar.bz2#e60363be26ab2a74326c06195d638447
https://conda.anaconda.org/conda-forge/osx-64/libgfortran-5.0.0-10_4_0_h97931a8_25.tar.bz2#5258ded23560cdebf95cef1df827065b
https://conda.anaconda.org/conda-forge/osx-64/libglib-2.72.1-hfbcb929_0.tar.bz2#df60046c5ef9df0b5e2b2047915c934d
https://conda.anaconda.org/conda-forge/osx-64/libnghttp2-1.47.0-h7cbc4dc_1.tar.bz2#a2bb3253049f51bc521d748451536d70
https://conda.anaconda.org/conda-forge/osx-64/libprotobuf-3.18.1-hcf210ce_0.tar.bz2#2d787d9621224ccc09bc85ce9fc0aead
https://conda.anaconda.org/conda-forge/osx-64/librttopo-1.1.0-h5413771_6.tar.bz2#d9872d8a6a79a806cda67821b61dcfad
https://conda.anaconda.org/conda-forge/osx-64/libssh2-1.10.0-h7535e13_3.tar.bz2#acc1797f7b89018eeba2029c56dfdf0c
https://conda.anaconda.org/conda-forge/osx-64/libtiff-4.4.0-hdb44e8a_4.tar.bz2#09195c43a896fe98b82dcebfa1d6eab1
https://conda.anaconda.org/conda-forge/osx-64/libxml2-2.9.12-h93ec3fd_0.tar.bz2#3bb7e5cd72ee6520ce6e26600a1283db
https://conda.anaconda.org/conda-forge/osx-64/libzip-1.9.2-h3ad4413_1.tar.bz2#1f22d7bc7ffd031b0cf3a5a2d257a6bf
https://conda.anaconda.org/conda-forge/osx-64/openh264-2.1.1-hfd3ada9_0.tar.bz2#468e32402dae56c73b29fb74160a9b2a
https://conda.anaconda.org/conda-forge/osx-64/sqlite-3.39.3-h9ae0607_0.tar.bz2#5da3712dbd4bfab0782899bc1b9ab8a1
https://conda.anaconda.org/conda-forge/osx-64/tiledb-2.3.4-h8370e7a_0.tar.bz2#29dd3d5ef1d14ab12bb1a8766360f6b4
https://conda.anaconda.org/conda-forge/osx-64/xerces-c-3.2.3-h379762d_3.tar.bz2#6ccb9a3fa3e1115f0a19af9a31f0131f
https://conda.anaconda.org/conda-forge/osx-64/brotli-1.0.9-h5eb16cf_7.tar.bz2#d3320319f06d6adb52ed01e1839475a1
https://conda.anaconda.org/conda-forge/osx-64/ffmpeg-4.3.2-hbf27d7b_3.tar.bz2#cd520617ca70b89364be45571c679195
https://conda.anaconda.org/conda-forge/osx-64/fontconfig-2.13.94-h10f422b_0.tar.bz2#04362a8c05bc8daac6b004979029a19b
https://conda.anaconda.org/conda-forge/osx-64/lcms2-2.12-h577c468_0.tar.bz2#abce77b852b73670e85e104746b0ea1b
https://conda.anaconda.org/conda-forge/osx-64/libcurl-7.83.1-h372c54d_0.tar.bz2#393526f4c307ded911957e3723e34bed
https://conda.anaconda.org/conda-forge/osx-64/libkml-1.3.0-h8fd9edb_1014.tar.bz2#10d981c033091fd139cb9914a495cc30
https://conda.anaconda.org/conda-forge/osx-64/libopenblas-0.3.21-openmp_h429af6e_3.tar.bz2#968c46aa7f4032c3f3873f3452ed4c34
https://conda.anaconda.org/conda-forge/osx-64/libpq-13.5-hea3049e_1.tar.bz2#538007cc17d5c5f6e1fb0f064fbcb256
https://conda.anaconda.org/conda-forge/osx-64/nss-3.78-ha8197d3_0.tar.bz2#0927d191f392959c876b7eab924efd01
https://conda.anaconda.org/conda-forge/osx-64/openjpeg-2.4.0-h6e7aa92_1.tar.bz2#c8cbb6d99f6467246ac26a139256e50f
https://conda.anaconda.org/conda-forge/osx-64/python-3.9.13-h57e37ff_0_cpython.tar.bz2#0fced1dc8919c66139c45d1e2d8dc6a6
https://conda.anaconda.org/conda-forge/noarch/attrs-22.1.0-pyh71513ae_1.tar.bz2#6d3ccbc56256204925bfa8378722792f
https://conda.anaconda.org/conda-forge/osx-64/cairo-1.16.0-he43a7df_1008.tar.bz2#9a7c5be2c238f69157979bd1987bac82
https://conda.anaconda.org/conda-forge/noarch/certifi-2022.9.14-pyhd8ed1ab_0.tar.bz2#963e8ceccba45b5cf15f33906d5a20a1
https://conda.anaconda.org/conda-forge/osx-64/cfitsio-3.470-h01dc385_7.tar.bz2#7f3e6254480eeccf854238807b1798d9
https://conda.anaconda.org/conda-forge/noarch/charset-normalizer-2.1.1-pyhd8ed1ab_0.tar.bz2#c1d5b294fbf9a795dec349a6f4d8be8e
https://conda.anaconda.org/conda-forge/noarch/cloudpickle-2.2.0-pyhd8ed1ab_0.tar.bz2#a6cf47b09786423200d7982d1faa19eb
https://conda.anaconda.org/conda-forge/osx-64/curl-7.83.1-h372c54d_0.tar.bz2#751e7246045a30deda6aa999c16f6cd4
https://conda.anaconda.org/conda-forge/noarch/cycler-0.11.0-pyhd8ed1ab_0.tar.bz2#a50559fad0affdbb33729a68669ca1cb
https://conda.anaconda.org/conda-forge/noarch/fsspec-2022.8.2-pyhd8ed1ab_0.tar.bz2#140dc6615896e7d4be1059a63370be93
https://conda.anaconda.org/conda-forge/osx-64/hdf5-1.12.1-nompi_ha60fbc9_104.tar.bz2#5e6d162483efc7f2f2be1dddfed954f4
https://conda.anaconda.org/conda-forge/noarch/idna-3.3-pyhd8ed1ab_0.tar.bz2#40b50b8b030f5f2f22085c062ed013dd
https://conda.anaconda.org/conda-forge/osx-64/libblas-3.9.0-16_osx64_openblas.tar.bz2#644d63e9379867490b67bace400b2a0f
https://conda.anaconda.org/conda-forge/noarch/locket-1.0.0-pyhd8ed1ab_0.tar.bz2#91e27ef3d05cc772ce627e51cff111c4
https://conda.anaconda.org/conda-forge/noarch/munkres-1.1.4-pyh9f0ad1d_0.tar.bz2#2ba8498c1018c1e9c61eb99b973dfe19
https://conda.anaconda.org/conda-forge/osx-64/postgresql-13.5-he8fe76e_1.tar.bz2#40ddaf8c8fde7cbd168f5385e4e0abfd
https://conda.anaconda.org/conda-forge/osx-64/proj-8.1.1-h1512c50_2.tar.bz2#054b095b6b9f52153ee7ac008c9c4819
https://conda.anaconda.org/conda-forge/noarch/pycparser-2.21-pyhd8ed1ab_0.tar.bz2#076becd9e05608f8dc72757d5f3a91ff
https://conda.anaconda.org/conda-forge/noarch/pyparsing-3.0.9-pyhd8ed1ab_0.tar.bz2#e8fbc1b54b25f4b08281467bc13b70cc
https://conda.anaconda.org/conda-forge/noarch/pysocks-1.7.1-pyha2e5f31_6.tar.bz2#2a7de29fb590ca14b5243c4c812c8025
https://conda.anaconda.org/conda-forge/osx-64/python_abi-3.9-2_cp39.tar.bz2#262f557ee8ca777fe2190956038024cd
https://conda.anaconda.org/conda-forge/noarch/pytz-2022.2.1-pyhd8ed1ab_0.tar.bz2#974bca71d00364630f63f31fa7e059cb
https://conda.anaconda.org/conda-forge/noarch/setuptools-65.3.0-pyhd8ed1ab_1.tar.bz2#a64c8af7be7a6348c1d9e530f88fa4da
https://conda.anaconda.org/conda-forge/noarch/six-1.16.0-pyh6c4a22f_0.tar.bz2#e5f25f8dbc060e9a8d912e432202afc2
https://conda.anaconda.org/conda-forge/noarch/threadpoolctl-3.1.0-pyh8a188c0_0.tar.bz2#a2995ee828f65687ac5b1e71a2ab1e0c
https://conda.anaconda.org/conda-forge/noarch/toolz-0.12.0-pyhd8ed1ab_0.tar.bz2#92facfec94bc02d6ccf42e7173831a36
https://conda.anaconda.org/conda-forge/noarch/xyzservices-2022.6.0-pyhd8ed1ab_0.tar.bz2#486833444c99269cf51cd23d09004f0b
https://conda.anaconda.org/conda-forge/osx-64/cffi-1.15.1-py39hae9ecf2_0.tar.bz2#558979c1c4b8d8912e4ec89b711ffe55
https://conda.anaconda.org/conda-forge/osx-64/click-8.1.3-py39h6e9494a_0.tar.bz2#c33ff559cea7a89797decd6db3716b77
https://conda.anaconda.org/conda-forge/osx-64/cytoolz-0.12.0-py39h701faf5_0.tar.bz2#124b35e04d040b5d142dfe6446118ea3
https://conda.anaconda.org/conda-forge/osx-64/geotiff-1.7.0-hb0faedc_3.tar.bz2#241226f19217d72909384ac3a58f199b
https://conda.anaconda.org/conda-forge/osx-64/harfbuzz-3.1.1-h159f659_0.tar.bz2#78bfa25e78c846358a8f7bfd619f926f
https://conda.anaconda.org/conda-forge/noarch/joblib-1.2.0-pyhd8ed1ab_0.tar.bz2#7583652522d71ad78ba536bba06940eb
https://conda.anaconda.org/conda-forge/osx-64/kealib-1.4.15-h4dab1bc_0.tar.bz2#4425cd34a2591e1f7e4270eafe7f58e0
https://conda.anaconda.org/conda-forge/osx-64/kiwisolver-1.4.4-py39h7c694c3_0.tar.bz2#2c258bc5beb4eeb7dda38e4741869d9c
https://conda.anaconda.org/conda-forge/osx-64/libcblas-3.9.0-16_osx64_openblas.tar.bz2#28592eab0f05bcf9969789e87f754e11
https://conda.anaconda.org/conda-forge/osx-64/libdap4-3.20.6-h3e144a0_2.tar.bz2#55e0706347eb18f3616808366236bcaa
https://conda.anaconda.org/conda-forge/osx-64/liblapack-3.9.0-16_osx64_openblas.tar.bz2#406ad426aade5578b90544cc2ed4a79b
https://conda.anaconda.org/conda-forge/osx-64/libnetcdf-4.8.1-nompi_h6609ca0_102.tar.bz2#dbe48fe1abd40239cdf759037f5c8abd
https://conda.anaconda.org/conda-forge/osx-64/libspatialite-5.0.1-hfc891e7_9.tar.bz2#61620f054ed2c164e6dd38fb6f3d519d
https://conda.anaconda.org/conda-forge/osx-64/loguru-0.6.0-py39h6e9494a_1.tar.bz2#eacf08b20f57d25cb1a6f53b199048af
https://conda.anaconda.org/conda-forge/osx-64/markupsafe-2.1.1-py39h63b48b0_1.tar.bz2#478672fe1f0c0fafc4e99152cd7e33fe
https://conda.anaconda.org/conda-forge/noarch/munch-2.5.0-py_0.tar.bz2#31d9e9be500e25ff0050bc9f57a6bcd7
https://conda.anaconda.org/conda-forge/noarch/packaging-21.3-pyhd8ed1ab_0.tar.bz2#71f1ab2de48613876becddd496371c85
https://conda.anaconda.org/conda-forge/noarch/partd-1.3.0-pyhd8ed1ab_0.tar.bz2#af8c82d121e63082926062d61d9abb54
https://conda.anaconda.org/conda-forge/osx-64/pillow-9.2.0-py39hf4b87f7_1.tar.bz2#04355514b3bbe3646277daff9f24f1a5
https://conda.anaconda.org/conda-forge/osx-64/poppler-21.09.0-h9573804_3.tar.bz2#41ed60015272a6112fcf50255df9568e
https://conda.anaconda.org/conda-forge/osx-64/pyproj-3.2.1-py39h5ea97c7_2.tar.bz2#cfe70678c3bc07717b0d514823823f8b
https://conda.anaconda.org/conda-forge/noarch/python-dateutil-2.8.2-pyhd8ed1ab_0.tar.bz2#dd999d1cc9f79e67dbb855c8924c7984
https://conda.anaconda.org/conda-forge/osx-64/pyyaml-6.0-py39h63b48b0_4.tar.bz2#d7aa7f40b99d7bc9e06b20a613d6a7b0
https://conda.anaconda.org/conda-forge/osx-64/rtree-1.0.0-py39h7d0d40a_1.tar.bz2#a3e8a4a3433b8d7daa3d2914b375bd7d
https://conda.anaconda.org/conda-forge/osx-64/tornado-6.2-py39h701faf5_0.tar.bz2#b11061c839af942c9f7767b0beb0f254
https://conda.anaconda.org/conda-forge/osx-64/unicodedata2-14.0.0-py39h63b48b0_1.tar.bz2#19c1ac41e067315d023bed42e214c8ea
https://conda.anaconda.org/conda-forge/osx-64/brotlipy-0.7.0-py39h63b48b0_1004.tar.bz2#7b42f41f7606f46a6b00ff4ac3c71b76
https://conda.anaconda.org/conda-forge/noarch/click-plugins-1.1.1-py_0.tar.bz2#4fd2c6b53934bd7d96d1f3fdaf99b79f
https://conda.anaconda.org/conda-forge/noarch/cligj-0.7.2-pyhd8ed1ab_1.tar.bz2#a29b7c141d6b2de4bb67788a5f107734
https://conda.anaconda.org/conda-forge/osx-64/cryptography-37.0.4-py39h9c2a9ce_0.tar.bz2#fbda1a6b92bc0a98f2564319682e8988
https://conda.anaconda.org/conda-forge/noarch/dask-core-2022.9.0-pyhd8ed1ab_0.tar.bz2#859607d7a80dc90039b3d94cfa2b1931
https://conda.anaconda.org/conda-forge/osx-64/fonttools-4.37.2-py39ha30fb19_0.tar.bz2#ee7fb00943d3ce6207e153a54c9ed1d3
https://conda.anaconda.org/conda-forge/noarch/jinja2-3.1.2-pyhd8ed1ab_1.tar.bz2#c8490ed5c70966d232fdd389d0dbed37
https://conda.anaconda.org/conda-forge/osx-64/libgdal-3.3.3-h053b6da_0.tar.bz2#900fd023440ed6c3a9e132566a684258
https://conda.anaconda.org/conda-forge/osx-64/liblapacke-3.9.0-16_osx64_openblas.tar.bz2#fdde3ba87373e04a109c58b229676f8f
https://conda.anaconda.org/conda-forge/osx-64/numpy-1.22.4-py39h677350a_0.tar.bz2#562fb66d5efa1ad4b08f283fd19f45b4
https://conda.anaconda.org/conda-forge/noarch/branca-0.5.0-pyhd8ed1ab_0.tar.bz2#d96c4ccb1e66b1c1f507dd12c226749a
https://conda.anaconda.org/conda-forge/osx-64/fastdtw-0.3.4-py39h71a6800_2.tar.bz2#9fcbaf3719b3ba0ccc2ac4de9f3317d1
https://conda.anaconda.org/conda-forge/osx-64/gdal-3.3.3-py39he7e3f19_0.tar.bz2#e2b275043a2ea7f58fecbebefd3a5d49
https://conda.anaconda.org/conda-forge/osx-64/imagecodecs-lite-2019.12.3-py39h86b5767_5.tar.bz2#8e5184e545acea6f8418b689473e6f61
https://conda.anaconda.org/conda-forge/noarch/imageio-2.21.3-pyhfa7a67d_0.tar.bz2#f6ab0639bf70e398ce5c8facc09b5013
https://conda.anaconda.org/conda-forge/osx-64/libopencv-4.5.3-py39hd2a74c5_5.tar.bz2#9b15de8356ed6010fd5254a1de174bef
https://conda.anaconda.org/conda-forge/osx-64/matplotlib-base-3.5.3-py39h35e3ac7_2.tar.bz2#7e7f691a0639309daabe25dbb27c008e
https://conda.anaconda.org/conda-forge/osx-64/pandas-1.4.4-py39hca71b8a_0.tar.bz2#3cc078e718c066936832a1c568ea1856
https://conda.anaconda.org/conda-forge/noarch/pyopenssl-22.0.0-pyhd8ed1ab_0.tar.bz2#1d7e241dfaf5475e893d4b824bb71b44
https://conda.anaconda.org/conda-forge/osx-64/pywavelets-1.3.0-py39h86b5767_1.tar.bz2#b0161e309aed1704c44183b75915b5fd
https://conda.anaconda.org/conda-forge/osx-64/scipy-1.8.1-py39h29d19b3_2.tar.bz2#6afa9ebc294ca6864a261ef21c025cf9
https://conda.anaconda.org/conda-forge/osx-64/shapely-1.7.1-py39h1d9c377_5.tar.bz2#f8442b9f6f2506c3f3eda963bcd8587f
https://conda.anaconda.org/conda-forge/osx-64/fiona-1.8.20-py39h10412eb_2.tar.bz2#02c723a97bc264361e7571eb6c6f53b4
https://conda.anaconda.org/conda-forge/noarch/geopandas-base-0.11.1-pyha770c72_0.tar.bz2#5926cac706ea9c090e8cc72cd80dee83
https://conda.anaconda.org/conda-forge/osx-64/matplotlib-3.5.3-py39h6e9494a_2.tar.bz2#50cc4488976d8d64d63890503b4e5774
https://conda.anaconda.org/conda-forge/noarch/networkx-2.6.3-pyhd8ed1ab_1.tar.bz2#4028eff5a1d3deed58c98774e7aa9891
https://conda.anaconda.org/conda-forge/osx-64/py-opencv-4.5.3-py39h71a6800_5.tar.bz2#d359f3cbbceb3e0fdc8aa03ebcba0186
https://conda.anaconda.org/conda-forge/osx-64/scikit-learn-1.1.2-py39h8031a56_0.tar.bz2#1865224710cfc7b5262d270ca84c80c0
https://conda.anaconda.org/conda-forge/noarch/tifffile-2020.6.3-py_0.tar.bz2#1fb771bb25b2eecbc73abf5143fa35bd
https://conda.anaconda.org/conda-forge/noarch/urllib3-1.26.11-pyhd8ed1ab_0.tar.bz2#0738978569b10669bdef41c671252dd1
https://conda.anaconda.org/conda-forge/noarch/mapclassify-2.4.3-pyhd8ed1ab_0.tar.bz2#908bbfb54da154042c5cbda77b37a3d1
https://conda.anaconda.org/conda-forge/osx-64/opencv-4.5.3-py39h6e9494a_5.tar.bz2#72523da88f6a344899d2ce926f3243c5
https://conda.anaconda.org/conda-forge/noarch/requests-2.28.1-pyhd8ed1ab_1.tar.bz2#089382ee0e2dc2eae33a04cc3c2bddb0
https://conda.anaconda.org/conda-forge/osx-64/scikit-image-0.19.3-py39h0082581_1.tar.bz2#14df166fbdfeddc293c127326c81ddef
https://conda.anaconda.org/conda-forge/noarch/folium-0.12.1.post1-pyhd8ed1ab_1.tar.bz2#44912901b45260e4338447b9d46f7058
https://conda.anaconda.org/conda-forge/noarch/geopandas-0.11.1-pyhd8ed1ab_0.tar.bz2#22ee242115979b9762df981ccc9b1e3a
