# Generated by conda-lock.
# platform: win-64
# input_hash: ec2246dba6f1549069515a01ea8750ac5270dab39d411af50126f906c536f9b9
@EXPLICIT
https://conda.anaconda.org/conda-forge/win-64/ca-certificates-2022.5.18.1-h5b45459_0.tar.bz2#8fd522807e4af321181e74ae05f27ec8
https://conda.anaconda.org/conda-forge/noarch/font-ttf-dejavu-sans-mono-2.37-hab24e00_0.tar.bz2#0c96522c6bdaed4b1566d11387caaf45
https://conda.anaconda.org/conda-forge/noarch/font-ttf-inconsolata-3.000-h77eed37_0.tar.bz2#34893075a5c9e55cdafac56607368fc6
https://conda.anaconda.org/conda-forge/noarch/font-ttf-source-code-pro-2.038-h77eed37_0.tar.bz2#4d59c254e01d9cde7957100457e2d5fb
https://conda.anaconda.org/conda-forge/noarch/font-ttf-ubuntu-0.83-hab24e00_0.tar.bz2#19410c3df09dfb12d1206132a1d357c5
https://conda.anaconda.org/conda-forge/win-64/intel-openmp-2022.1.0-h57928b3_3787.tar.bz2#35dff2b6e944ce136a574c4c006cec28
https://conda.anaconda.org/conda-forge/win-64/msys2-conda-epoch-20160418-1.tar.bz2#b0309b72560df66f71a9d5e34a5efdfa
https://conda.anaconda.org/conda-forge/noarch/poppler-data-0.4.11-hd8ed1ab_0.tar.bz2#abc27381c4f005da588cffa1f76403ee
https://conda.anaconda.org/conda-forge/noarch/tzdata-2022a-h191b570_0.tar.bz2#84be5301069417a2221187d2f435e0f7
https://conda.anaconda.org/conda-forge/win-64/ucrt-10.0.20348.0-h57928b3_0.tar.bz2#6d666b6ea8251231ff508062d1e41f9c
https://conda.anaconda.org/conda-forge/noarch/fonts-conda-forge-1-0.tar.bz2#f766549260d6815b0c52253f1fb1bb29
https://conda.anaconda.org/conda-forge/win-64/m2w64-gmp-6.1.0-2.tar.bz2#53a1c73e1e3d185516d7e3af177596d9
https://conda.anaconda.org/conda-forge/win-64/m2w64-libwinpthread-git-5.0.0.4634.697f757-2.tar.bz2#774130a326dee16f1ceb05cc687ee4f0
https://conda.anaconda.org/conda-forge/win-64/vs2015_runtime-14.29.30037-h902a5da_6.tar.bz2#33d07ebe91062743eabc9e53a60d18e1
https://conda.anaconda.org/conda-forge/noarch/fonts-conda-ecosystem-1-0.tar.bz2#fee5683a3f04bd15cbd8318b096a27ab
https://conda.anaconda.org/conda-forge/win-64/m2w64-gcc-libs-core-5.3.0-7.tar.bz2#4289d80fb4d272f1f3b56cfe87ac90bd
https://conda.anaconda.org/conda-forge/win-64/vc-14.2-hb210afc_6.tar.bz2#c2aecbc9b00ba6f352e27d3d61fd31fb
https://conda.anaconda.org/conda-forge/win-64/bzip2-1.0.8-h8ffe710_4.tar.bz2#7c03c66026944073040cb19a4f3ec3c9
https://conda.anaconda.org/conda-forge/win-64/cfitsio-3.470-h0af3d06_7.tar.bz2#16754fe6c8578cfcbfb97a515248f0ba
https://conda.anaconda.org/conda-forge/win-64/charls-2.2.0-h39d44d4_0.tar.bz2#7b4af3de4c91113430f2cafec2221764
https://conda.anaconda.org/conda-forge/win-64/expat-2.4.8-h39d44d4_0.tar.bz2#f8e0f53713756c08456f50c9ce25748c
https://conda.anaconda.org/conda-forge/win-64/freeglut-3.2.2-h0e60522_1.tar.bz2#e133a128a76010bd2014de9df32f5bdb
https://conda.anaconda.org/conda-forge/win-64/geos-3.9.1-h39d44d4_2.tar.bz2#e3917eed32c31c341ac9ac4e229f131f
https://conda.anaconda.org/conda-forge/win-64/giflib-5.2.1-h8d14728_2.tar.bz2#c577cd3be126d95e9a05ee5aa9d2875b
https://conda.anaconda.org/conda-forge/win-64/icu-68.2-h0e60522_0.tar.bz2#294758e73c7762b0780896eba5bcbbbe
https://conda.anaconda.org/conda-forge/win-64/jbig-2.1-h8d14728_2003.tar.bz2#37dcc26d63c315f6c0588579dca810da
https://conda.anaconda.org/conda-forge/win-64/jpeg-9e-h8ffe710_1.tar.bz2#cda58df0a6d1165a82a0dfd59e9be5b0
https://conda.anaconda.org/conda-forge/win-64/jxrlib-1.1-h8ffe710_2.tar.bz2#69f82948e102dc14928619140c29468d
https://conda.anaconda.org/conda-forge/win-64/lerc-3.0-h0e60522_0.tar.bz2#756c8b51a32758df2ed6cddcc7b7ed58
https://conda.anaconda.org/conda-forge/win-64/libaec-1.0.6-h39d44d4_0.tar.bz2#ac78b243f1ee03a2412b6e328aa3a12d
https://conda.anaconda.org/conda-forge/win-64/libbrotlicommon-1.0.9-h8ffe710_7.tar.bz2#e7b12a6cf353395dda7ed36b9041048b
https://conda.anaconda.org/conda-forge/win-64/libclang-11.1.0-default_h5c34c98_1.tar.bz2#258e65af4d34033eaa9341b8dd15c7e5
https://conda.anaconda.org/conda-forge/win-64/libdeflate-1.8-h8ffe710_0.tar.bz2#8d90ca64db6b511cd5d3ab8b675f4c20
https://conda.anaconda.org/conda-forge/win-64/libffi-3.4.2-h8ffe710_5.tar.bz2#2c96d1b6915b408893f9472569dee135
https://conda.anaconda.org/conda-forge/win-64/libiconv-1.16-he774522_0.tar.bz2#bdfeadc9348e4d9fbe4821e81bf8f221
https://conda.anaconda.org/conda-forge/win-64/libspatialindex-1.9.3-h39d44d4_4.tar.bz2#51c172496e828258d04eba9971f2af1a
https://conda.anaconda.org/conda-forge/win-64/libwebp-base-1.2.2-h8ffe710_1.tar.bz2#24e23990217d3542fb821759a41d6ec2
https://conda.anaconda.org/conda-forge/win-64/libzlib-1.2.12-h8ffe710_0.tar.bz2#c3d49ce531c0b5bfe1a8c464ac3c709a
https://conda.anaconda.org/conda-forge/win-64/libzopfli-1.0.3-h0e60522_0.tar.bz2#b4b0cbc0abc9f26b730231ffdabf3881
https://conda.anaconda.org/conda-forge/win-64/lz4-c-1.9.3-h8ffe710_1.tar.bz2#d12763533276560a931c1bd3df1adf63
https://conda.anaconda.org/conda-forge/win-64/m2w64-gcc-libgfortran-5.3.0-6.tar.bz2#066552ac6b907ec6d72c0ddab29050dc
https://conda.anaconda.org/conda-forge/win-64/openssl-1.1.1o-h8ffe710_0.tar.bz2#afd7ea72111c4cc1fe8101ae2a321bda
https://conda.anaconda.org/conda-forge/win-64/pcre-8.45-h0e60522_0.tar.bz2#3cd3948bb5de74ebef93b6be6d8cf0d5
https://conda.anaconda.org/conda-forge/win-64/pixman-0.40.0-h8ffe710_0.tar.bz2#32b45d3fcffddc84cc1a014a0b5f0d58
https://conda.anaconda.org/conda-forge/win-64/snappy-1.1.9-h82413e6_1.tar.bz2#47f94fe8037a17cc8c132c8da97f91f7
https://conda.anaconda.org/conda-forge/win-64/sqlite-3.38.5-h8ffe710_0.tar.bz2#9f9c961fc099c7c91a27f38890c42498
https://conda.anaconda.org/conda-forge/win-64/tbb-2021.5.0-h2d74725_1.tar.bz2#8f00f39dbd7deaba11410b0b6e7b2cb4
https://conda.anaconda.org/conda-forge/win-64/tk-8.6.12-h8ffe710_0.tar.bz2#c69a5047cc9291ae40afd4a1ad6f0c0f
https://conda.anaconda.org/conda-forge/win-64/xerces-c-3.2.3-h0e60522_5.tar.bz2#dff33d0397ce2e32c4eeec3ccbad74ad
https://conda.anaconda.org/conda-forge/win-64/xz-5.2.5-h62dcd97_1.tar.bz2#eabcbfedd14d7c18a514afca09ea0ebb
https://conda.anaconda.org/conda-forge/win-64/yaml-0.2.5-h8ffe710_2.tar.bz2#adbfb9f45d1004a26763652246a33764
https://conda.anaconda.org/conda-forge/win-64/zfp-0.5.5-h0e60522_8.tar.bz2#01afc300e6617dbaad37fe834af41b11
https://conda.anaconda.org/conda-forge/win-64/zlib-ng-2.0.6-h8ffe710_0.tar.bz2#8798470ee6d3ec72899018200ca49dfb
https://conda.anaconda.org/conda-forge/win-64/freexl-1.0.6-ha8e266a_0.tar.bz2#963523a1a1c8616392884d328b912ab8
https://conda.anaconda.org/conda-forge/win-64/gettext-0.19.8.1-ha2e2712_1008.tar.bz2#7097f745c7b794ce3e2a1ffe3195580f
https://conda.anaconda.org/conda-forge/win-64/jasper-2.0.33-h77af90b_0.tar.bz2#e85264670cec2a2262c87b9577771fcc
https://conda.anaconda.org/conda-forge/win-64/krb5-1.19.3-h1176d77_0.tar.bz2#2e0d447ab95d58d3ea1222121ec57f9f
https://conda.anaconda.org/conda-forge/win-64/libbrotlidec-1.0.9-h8ffe710_7.tar.bz2#ca57bf17ba92eed4ca2667a4c5df9343
https://conda.anaconda.org/conda-forge/win-64/libbrotlienc-1.0.9-h8ffe710_7.tar.bz2#75c0a84c7f22d57cda6aaf7205b4a27c
https://conda.anaconda.org/conda-forge/win-64/librttopo-1.1.0-hb340de5_6.tar.bz2#0f8cd7477e6b8bd07bbebccff6971687
https://conda.anaconda.org/conda-forge/win-64/libwebp-1.2.2-h57928b3_0.tar.bz2#80c0ce63cf8f69c5a5781ab7a9645942
https://conda.anaconda.org/conda-forge/win-64/m2w64-gcc-libs-5.3.0-7.tar.bz2#fe759119b8b3bfa720b8762c6fdc35de
https://conda.anaconda.org/conda-forge/win-64/mkl-2022.1.0-h6a75c08_874.tar.bz2#2ff89a7337a9636029b4db9466e9f8e3
https://conda.anaconda.org/conda-forge/win-64/python-3.9.13-h9a09f29_0_cpython.tar.bz2#37804c90e761e13ba0d09ddc239f6de6
https://conda.anaconda.org/conda-forge/win-64/zlib-1.2.12-h8ffe710_0.tar.bz2#d512bc564ba90eb83c4ae178d8c6fc72
https://conda.anaconda.org/conda-forge/win-64/zstd-1.5.2-h6255e5f_1.tar.bz2#90702967af600ea2e2c7f7968c0ce099
https://conda.anaconda.org/conda-forge/noarch/attrs-21.4.0-pyhd8ed1ab_0.tar.bz2#f70280205d7044c8b8358c8de3190e5d
https://conda.anaconda.org/conda-forge/win-64/blosc-1.21.1-h74325e0_3.tar.bz2#90e1e39de7864e0e48654c0beb83e170
https://conda.anaconda.org/conda-forge/win-64/boost-cpp-1.74.0-h9f4b32c_8.tar.bz2#44f135fe326c0f8bac7a82a320b6e3a7
https://conda.anaconda.org/conda-forge/win-64/brotli-bin-1.0.9-h8ffe710_7.tar.bz2#fd458f76be2068973734834202ac0352
https://conda.anaconda.org/conda-forge/win-64/c-blosc2-2.1.1-hdf67494_2.tar.bz2#d3be97157212feb607c00394070a582e
https://conda.anaconda.org/conda-forge/noarch/charset-normalizer-2.0.12-pyhd8ed1ab_0.tar.bz2#1f5b32dabae0f1893ae3283dac7f799e
https://conda.anaconda.org/conda-forge/noarch/cloudpickle-2.1.0-pyhd8ed1ab_0.tar.bz2#f7551a8a008dfad2b7ac9662dd124614
https://conda.anaconda.org/conda-forge/noarch/colorama-0.4.4-pyh9f0ad1d_0.tar.bz2#c08b4c1326b880ed44f3ffb04803332f
https://conda.anaconda.org/conda-forge/noarch/cycler-0.11.0-pyhd8ed1ab_0.tar.bz2#a50559fad0affdbb33729a68669ca1cb
https://conda.anaconda.org/conda-forge/noarch/fsspec-2022.5.0-pyhd8ed1ab_0.tar.bz2#db4ffc615663c66a9cc0869ce4d1092b
https://conda.anaconda.org/conda-forge/win-64/hdf4-4.2.15-h0e5069d_3.tar.bz2#e6391e0d78bc5ad6b56dbd8947e36152
https://conda.anaconda.org/conda-forge/noarch/idna-3.3-pyhd8ed1ab_0.tar.bz2#40b50b8b030f5f2f22085c062ed013dd
https://conda.anaconda.org/conda-forge/win-64/libblas-3.9.0-15_win64_mkl.tar.bz2#661187f959fed1821cdd6921a738336d
https://conda.anaconda.org/conda-forge/win-64/libglib-2.70.2-h3be07f2_4.tar.bz2#355750a238b15920d75ec3c49554c3e3
https://conda.anaconda.org/conda-forge/win-64/libpng-1.6.37-h1d00b33_2.tar.bz2#005ddb14b8f876ed6a85b76dfc9892db
https://conda.anaconda.org/conda-forge/win-64/libpq-13.5-hfcc5ef8_1.tar.bz2#f8a91c35983555a336866362429341c3
https://conda.anaconda.org/conda-forge/win-64/libprotobuf-3.20.1-h7755175_0.tar.bz2#e63ff629efd198bf42e6bfdab2a332ff
https://conda.anaconda.org/conda-forge/win-64/libssh2-1.10.0-h680486a_2.tar.bz2#7c3dab9db46226852f9c4c163870e4e4
https://conda.anaconda.org/conda-forge/win-64/libtiff-4.3.0-hd413186_2.tar.bz2#40718c1376954db41607d76ebb81e1b3
https://conda.anaconda.org/conda-forge/win-64/libxml2-2.9.14-hf5bbc77_0.tar.bz2#1209fe6f12e1c5e2807a6ec0fa9713f2
https://conda.anaconda.org/conda-forge/win-64/libzip-1.8.0-hfed4ece_1.tar.bz2#a4dafb3942842aeadf87601455a21879
https://conda.anaconda.org/conda-forge/noarch/locket-1.0.0-pyhd8ed1ab_0.tar.bz2#91e27ef3d05cc772ce627e51cff111c4
https://conda.anaconda.org/conda-forge/noarch/munkres-1.1.4-pyh9f0ad1d_0.tar.bz2#2ba8498c1018c1e9c61eb99b973dfe19
https://conda.anaconda.org/conda-forge/win-64/pthread-stubs-0.4-hcd874cb_1001.tar.bz2#a1f820480193ea83582b13249a7e7bd9
https://conda.anaconda.org/conda-forge/noarch/pycparser-2.21-pyhd8ed1ab_0.tar.bz2#076becd9e05608f8dc72757d5f3a91ff
https://conda.anaconda.org/conda-forge/noarch/pyparsing-3.0.9-pyhd8ed1ab_0.tar.bz2#e8fbc1b54b25f4b08281467bc13b70cc
https://conda.anaconda.org/conda-forge/win-64/python_abi-3.9-2_cp39.tar.bz2#757068981fb2f97d0cadbba9ae6ae191
https://conda.anaconda.org/conda-forge/noarch/pytz-2022.1-pyhd8ed1ab_0.tar.bz2#b87d66d6d3991d988fb31510c95a9267
https://conda.anaconda.org/conda-forge/noarch/six-1.16.0-pyh6c4a22f_0.tar.bz2#e5f25f8dbc060e9a8d912e432202afc2
https://conda.anaconda.org/conda-forge/noarch/threadpoolctl-3.1.0-pyh8a188c0_0.tar.bz2#a2995ee828f65687ac5b1e71a2ab1e0c
https://conda.anaconda.org/conda-forge/win-64/tiledb-2.3.4-h78dabda_0.tar.bz2#7d996e08c5ca6628b40e922e4ccc7a9c
https://conda.anaconda.org/conda-forge/noarch/toolz-0.11.2-pyhd8ed1ab_0.tar.bz2#f348d1590550371edfac5ed3c1d44f7e
https://conda.anaconda.org/conda-forge/noarch/win32_setctime-1.1.0-pyhd8ed1ab_0.tar.bz2#dc80c0c2b01f7d6d6d5df4b63ef54f17
https://conda.anaconda.org/conda-forge/win-64/xorg-libxau-1.0.9-hcd874cb_0.tar.bz2#9cef622e75683c17d05ae62d66e69e6c
https://conda.anaconda.org/conda-forge/win-64/xorg-libxdmcp-1.1.3-hcd874cb_0.tar.bz2#46878ebb6b9cbd8afcf8088d7ef00ece
https://conda.anaconda.org/conda-forge/noarch/xyzservices-2022.4.0-pyhd8ed1ab_0.tar.bz2#3bc94b37aeede5bae4c0ddaadc554e04
https://conda.anaconda.org/conda-forge/win-64/brotli-1.0.9-h8ffe710_7.tar.bz2#bdd3236d1f6962e8e6953276d12b7e5b
https://conda.anaconda.org/conda-forge/win-64/certifi-2022.5.18.1-py39hcbf5309_0.tar.bz2#9a38f2a69017d1c03fdab3584f1b9623
https://conda.anaconda.org/conda-forge/win-64/cffi-1.15.0-py39h0878f49_0.tar.bz2#9b02bf41ccb19167aa4bb51a7b2b6a9f
https://conda.anaconda.org/conda-forge/win-64/click-8.1.3-py39hcbf5309_0.tar.bz2#da76bc626dfbeb0bebbbce385d003d64
https://conda.anaconda.org/conda-forge/win-64/cytoolz-0.11.2-py39hb82d6ee_2.tar.bz2#8982a8578e967571f3fcde768585b6e5
https://conda.anaconda.org/conda-forge/win-64/freetype-2.10.4-h546665d_1.tar.bz2#1215a2e49d23da91c28d97cff8de35ea
https://conda.anaconda.org/conda-forge/win-64/kiwisolver-1.4.2-py39h2e07f2f_1.tar.bz2#7b016ede6f2a5e4ae72c6427c9310930
https://conda.anaconda.org/conda-forge/win-64/lcms2-2.12-h2a16943_0.tar.bz2#fee639c27301c4165b4d1f7e442de8a5
https://conda.anaconda.org/conda-forge/win-64/libcblas-3.9.0-15_win64_mkl.tar.bz2#c6012601cd7dde1b4108128fb847de9f
https://conda.anaconda.org/conda-forge/win-64/libcurl-7.83.1-h789b8ee_0.tar.bz2#b70caa5b0251f09a47eeae9f8fc0f5b2
https://conda.anaconda.org/conda-forge/win-64/libkml-1.3.0-h9859afa_1014.tar.bz2#db1f77738473f157772146f003298cf7
https://conda.anaconda.org/conda-forge/win-64/liblapack-3.9.0-15_win64_mkl.tar.bz2#7915daedfea4cc94ffcaa71cde184f50
https://conda.anaconda.org/conda-forge/win-64/libxcb-1.13-hcd874cb_1004.tar.bz2#a6d7fd030532378ecb6ba435cd9f8234
https://conda.anaconda.org/conda-forge/win-64/loguru-0.6.0-py39hcbf5309_1.tar.bz2#2404646687b4e90fdd0b4950deb245fc
https://conda.anaconda.org/conda-forge/win-64/markupsafe-2.1.1-py39hb82d6ee_1.tar.bz2#119fcbf11662ac0b8b4d4fcfa52e49e2
https://conda.anaconda.org/conda-forge/win-64/openjpeg-2.4.0-hb211442_1.tar.bz2#0991d2e943e5ba7ec9b7b32eec14e2e3
https://conda.anaconda.org/conda-forge/noarch/packaging-21.3-pyhd8ed1ab_0.tar.bz2#71f1ab2de48613876becddd496371c85
https://conda.anaconda.org/conda-forge/noarch/partd-1.2.0-pyhd8ed1ab_0.tar.bz2#0c32f563d7f22e3a34c95cad8cc95651
https://conda.anaconda.org/conda-forge/win-64/postgresql-13.5-h1c22c4f_1.tar.bz2#0528214e21d40da67f237e5a2b054a85
https://conda.anaconda.org/conda-forge/noarch/python-dateutil-2.8.2-pyhd8ed1ab_0.tar.bz2#dd999d1cc9f79e67dbb855c8924c7984
https://conda.anaconda.org/conda-forge/win-64/pyyaml-6.0-py39hb82d6ee_4.tar.bz2#09b598ab49bb572ba3d41ea52b0c1775
https://conda.anaconda.org/conda-forge/win-64/qt-5.12.9-h5909a2a_4.tar.bz2#2c9a8da7b543a9a8a6fdab785575d79d
https://conda.anaconda.org/conda-forge/win-64/rtree-1.0.0-py39h09fdee3_1.tar.bz2#6d2886e28994900eb09fff8b9cdb345c
https://conda.anaconda.org/conda-forge/win-64/setuptools-62.3.3-py39hcbf5309_0.tar.bz2#8b8ecd37c1c3002767ef9279eb3992df
https://conda.anaconda.org/conda-forge/win-64/tornado-6.1-py39hb82d6ee_3.tar.bz2#244564c2450db05b6e7168902277fcdb
https://conda.anaconda.org/conda-forge/win-64/unicodedata2-14.0.0-py39hb82d6ee_1.tar.bz2#a62590aa0e2cd8e71ba96ef23dae0d07
https://conda.anaconda.org/conda-forge/win-64/win_inet_pton-1.1.0-py39hcbf5309_4.tar.bz2#cde3346ce427c3c58aab6a5d2fe04e37
https://conda.anaconda.org/conda-forge/win-64/brotlipy-0.7.0-py39hb82d6ee_1004.tar.bz2#be56edb5ff4a3049eafa825b98b26ef4
https://conda.anaconda.org/conda-forge/noarch/click-plugins-1.1.1-py_0.tar.bz2#4fd2c6b53934bd7d96d1f3fdaf99b79f
https://conda.anaconda.org/conda-forge/noarch/cligj-0.7.2-pyhd8ed1ab_1.tar.bz2#a29b7c141d6b2de4bb67788a5f107734
https://conda.anaconda.org/conda-forge/win-64/cryptography-37.0.2-py39h7bc7c5c_0.tar.bz2#9cb836787e627e1608b6c14c5e28ab8b
https://conda.anaconda.org/conda-forge/win-64/curl-7.83.1-h789b8ee_0.tar.bz2#21321b6738d077e54fadfce08a41f5c7
https://conda.anaconda.org/conda-forge/noarch/dask-core-2022.5.2-pyhd8ed1ab_0.tar.bz2#7ec2aa5c3b67b07e24c9304e07831fd5
https://conda.anaconda.org/conda-forge/win-64/fontconfig-2.14.0-hce3cb01_0.tar.bz2#08f0ca5312c33d7630cae5b7c0c078d5
https://conda.anaconda.org/conda-forge/win-64/fonttools-4.33.3-py39hb82d6ee_0.tar.bz2#7650ff1e2959e7caca7a51c467d75748
https://conda.anaconda.org/conda-forge/win-64/hdf5-1.12.1-nompi_h2a0e4a3_104.tar.bz2#709e87acdf50633bd823c4467a9b50a1
https://conda.anaconda.org/conda-forge/noarch/jinja2-3.1.2-pyhd8ed1ab_1.tar.bz2#c8490ed5c70966d232fdd389d0dbed37
https://conda.anaconda.org/conda-forge/noarch/joblib-1.1.0-pyhd8ed1ab_0.tar.bz2#07d1b5c8cde14d95998fd4767e1e62d2
https://conda.anaconda.org/conda-forge/win-64/liblapacke-3.9.0-15_win64_mkl.tar.bz2#383596ab975e586b0964b5fd959bea78
https://conda.anaconda.org/conda-forge/noarch/munch-2.5.0-py_0.tar.bz2#31d9e9be500e25ff0050bc9f57a6bcd7
https://conda.anaconda.org/conda-forge/win-64/numpy-1.22.4-py39h0948cea_0.tar.bz2#a3d0bb2b75ee4f923ff520d25cecbe7f
https://conda.anaconda.org/conda-forge/win-64/pillow-9.1.1-py39ha53f419_0.tar.bz2#5a9a0f2c76636fddc29549349aeb342d
https://conda.anaconda.org/conda-forge/win-64/proj-8.1.1-h1cfcee9_2.tar.bz2#9fbf47b85bde736bd29734f09251eba1
https://conda.anaconda.org/conda-forge/win-64/pyqt-5.12.3-py39hb0d2dfa_4.tar.bz2#13c67a2cbb686c60da9134f646bbb37d
https://conda.anaconda.org/conda-forge/win-64/pysocks-1.7.1-py39hcbf5309_5.tar.bz2#535d7e13023ec2e35c5ebe3f22cc7131
https://conda.anaconda.org/conda-forge/noarch/branca-0.5.0-pyhd8ed1ab_0.tar.bz2#d96c4ccb1e66b1c1f507dd12c226749a
https://conda.anaconda.org/conda-forge/win-64/cairo-1.16.0-hb19e0ff_1008.tar.bz2#bfdfe24fd9276c9e9e2a478914767ca0
https://conda.anaconda.org/conda-forge/win-64/fastdtw-0.3.4-py39h832f523_1.tar.bz2#98fdf747405c20a9c038205ba8908d8e
https://conda.anaconda.org/conda-forge/win-64/geotiff-1.7.0-h350af67_3.tar.bz2#5010c55d6c875b661ce0cd7bb2a337a1
https://conda.anaconda.org/conda-forge/win-64/imagecodecs-2021.8.26-py39h166567b_1.tar.bz2#31408cbf777e609f05911ed760395ecc
https://conda.anaconda.org/conda-forge/noarch/imageio-2.19.3-pyhcf75d05_0.tar.bz2#9a5e536d761271c400310ec5dff8c5e1
https://conda.anaconda.org/conda-forge/win-64/kealib-1.4.14-h8995ca9_4.tar.bz2#21bd45fce5f3e699c9a3feaeca921dde
https://conda.anaconda.org/conda-forge/win-64/libnetcdf-4.8.1-nompi_h1cc8e9d_102.tar.bz2#0483300d168b92181d9e5d1a5ecea46a
https://conda.anaconda.org/conda-forge/win-64/libopencv-4.5.5-py39hb20b4e8_9.tar.bz2#ce0368c62d1bd14883c3747623a58a0a
https://conda.anaconda.org/conda-forge/win-64/libspatialite-5.0.1-h6a90f17_9.tar.bz2#bb403568b66af10133f8a08409f44462
https://conda.anaconda.org/conda-forge/win-64/matplotlib-base-3.5.2-py39h581301d_0.tar.bz2#59d4d4471bec7f9975404c2cf530f934
https://conda.anaconda.org/conda-forge/win-64/pandas-1.4.2-py39h2e25243_2.tar.bz2#90f6cf12a651b724635f88b2aa3b8df4
https://conda.anaconda.org/conda-forge/noarch/pyopenssl-22.0.0-pyhd8ed1ab_0.tar.bz2#1d7e241dfaf5475e893d4b824bb71b44
https://conda.anaconda.org/conda-forge/win-64/pyproj-3.2.1-py39h39b2389_2.tar.bz2#042b9287447b795dafaee694d18a46aa
https://conda.anaconda.org/conda-forge/win-64/pywavelets-1.3.0-py39h5d4886f_1.tar.bz2#88990fee741c3917b9070b6e2016734e
https://conda.anaconda.org/conda-forge/win-64/scipy-1.8.1-py39hc0c34ad_0.tar.bz2#f2ba88df16c5b1514a328d4a37fb0aae
https://conda.anaconda.org/conda-forge/win-64/shapely-1.7.1-py39haadaec5_5.tar.bz2#b32943304ea0924be113ca61e815f07d
https://conda.anaconda.org/conda-forge/noarch/geopandas-base-0.10.2-pyha770c72_1.tar.bz2#10584badfcd9fa04e6fc9a4d5dad1513
https://conda.anaconda.org/conda-forge/win-64/matplotlib-3.5.2-py39hcbf5309_0.tar.bz2#1b73c76ff90d106bcf4130ebc848c901
https://conda.anaconda.org/conda-forge/noarch/networkx-2.6.3-pyhd8ed1ab_1.tar.bz2#4028eff5a1d3deed58c98774e7aa9891
https://conda.anaconda.org/conda-forge/win-64/poppler-21.09.0-h24fffdf_3.tar.bz2#676b697dc8a1d22b989909a0f95bda77
https://conda.anaconda.org/conda-forge/win-64/py-opencv-4.5.5-py39h832f523_9.tar.bz2#a38df443ef78ae504858f5ad6f65aa31
https://conda.anaconda.org/conda-forge/win-64/scikit-learn-1.1.1-py39he931e04_0.tar.bz2#05ef20dde5496e18a17535f9af5f0abf
https://conda.anaconda.org/conda-forge/noarch/tifffile-2021.11.2-pyhd8ed1ab_0.tar.bz2#b07562132d44945a4ae301f75cf731b1
https://conda.anaconda.org/conda-forge/noarch/urllib3-1.26.9-pyhd8ed1ab_0.tar.bz2#0ea179ee251aa7100807c35bc0252693
https://conda.anaconda.org/conda-forge/win-64/libgdal-3.3.3-h08edb8f_0.tar.bz2#da5afb6c3aa999644b1dc2b803682f7f
https://conda.anaconda.org/conda-forge/noarch/mapclassify-2.4.3-pyhd8ed1ab_0.tar.bz2#908bbfb54da154042c5cbda77b37a3d1
https://conda.anaconda.org/conda-forge/win-64/opencv-4.5.5-py39hcbf5309_9.tar.bz2#0fccefca39a4fa1cba4d224c9a92387e
https://conda.anaconda.org/conda-forge/noarch/requests-2.27.1-pyhd8ed1ab_0.tar.bz2#7c1c427246b057b8fa97200ecdb2ed62
https://conda.anaconda.org/conda-forge/win-64/scikit-image-0.19.2-py39h2e25243_0.tar.bz2#34a150eed5252aa6465d4bf2e58012f8
https://conda.anaconda.org/conda-forge/noarch/folium-0.12.1.post1-pyhd8ed1ab_1.tar.bz2#44912901b45260e4338447b9d46f7058
https://conda.anaconda.org/conda-forge/win-64/gdal-3.3.3-py39h3f5efd6_0.tar.bz2#7f5f7228eccdb4b49def5dd9c99c1329
https://conda.anaconda.org/conda-forge/win-64/fiona-1.8.20-py39hea8b339_2.tar.bz2#408829cd60380a2500fc83445f8f2716
https://conda.anaconda.org/conda-forge/noarch/geopandas-0.10.2-pyhd8ed1ab_1.tar.bz2#0682614964c1319304cfa554cbce90f0
