# Generated by conda-lock.
# platform: osx-arm64
# input_hash: 1f715e67ef259afcfcb541a86768f3fb6a51c88b1a3a0964e2eccb60343eafc6
@EXPLICIT
https://conda.anaconda.org/conda-forge/osx-arm64/bzip2-1.0.8-h93a5062_5.conda#1bbc659ca658bfd49a481b5ef7a0f40f
https://conda.anaconda.org/conda-forge/osx-arm64/c-ares-1.28.1-h93a5062_0.conda#04f776a6139f7eafc2f38668570eb7db
https://conda.anaconda.org/conda-forge/osx-arm64/ca-certificates-2024.6.2-hf0a4a13_0.conda#b534f104f102479402f88f73adf750f5
https://conda.anaconda.org/conda-forge/noarch/font-ttf-dejavu-sans-mono-2.37-hab24e00_0.tar.bz2#0c96522c6bdaed4b1566d11387caaf45
https://conda.anaconda.org/conda-forge/noarch/font-ttf-inconsolata-3.000-h77eed37_0.tar.bz2#34893075a5c9e55cdafac56607368fc6
https://conda.anaconda.org/conda-forge/noarch/font-ttf-source-code-pro-2.038-h77eed37_0.tar.bz2#4d59c254e01d9cde7957100457e2d5fb
https://conda.anaconda.org/conda-forge/noarch/font-ttf-ubuntu-0.83-h77eed37_2.conda#cbbe59391138ea5ad3658c76912e147f
https://conda.anaconda.org/conda-forge/osx-arm64/freexl-1.0.6-h1a8c8d9_1.tar.bz2#f9e99c94afe28d7558a5dd106fef0936
https://conda.anaconda.org/conda-forge/osx-arm64/giflib-5.2.2-h93a5062_0.conda#95fa1486c77505330c20f7202492b913
https://conda.anaconda.org/conda-forge/osx-arm64/jpeg-9e-h1a8c8d9_3.conda#ef1cce2ab799e0c2f32c3344125ff218
https://conda.anaconda.org/conda-forge/osx-arm64/json-c-0.15-hc6a1b29_0.tar.bz2#d613f74d9f91735f5055dcb9b4c5330a
https://conda.anaconda.org/conda-forge/osx-arm64/lame-3.100-h1a8c8d9_1003.tar.bz2#bff0e851d66725f78dc2fd8b032ddb7e
https://conda.anaconda.org/conda-forge/osx-arm64/libasprintf-0.22.5-h8fbad5d_2.conda#1b27402397a76115679c4855ab2ece41
https://conda.anaconda.org/conda-forge/osx-arm64/libbrotlicommon-1.1.0-hb547adb_1.conda#cd68f024df0304be41d29a9088162b02
https://conda.anaconda.org/conda-forge/osx-arm64/libdeflate-1.14-h1a8c8d9_0.tar.bz2#cb64374f9f7ad86b6194e294c56e06a5
https://conda.anaconda.org/conda-forge/osx-arm64/libev-4.33-h93a5062_2.conda#36d33e440c31857372a72137f78bacf5
https://conda.anaconda.org/conda-forge/osx-arm64/libexpat-2.6.2-hebf3989_0.conda#e3cde7cfa87f82f7cb13d482d5e0ad09
https://conda.anaconda.org/conda-forge/osx-arm64/libffi-3.4.2-h3422bc3_5.tar.bz2#086914b672be056eb70fd4285b6783b6
https://conda.anaconda.org/conda-forge/osx-arm64/libiconv-1.17-h0d3ecfb_2.conda#69bda57310071cf6d2b86caf11573d2d
https://conda.anaconda.org/conda-forge/osx-arm64/libwebp-base-1.4.0-h93a5062_0.conda#c0af0edfebe780b19940e94871f1a765
https://conda.anaconda.org/conda-forge/osx-arm64/ncurses-6.5-hb89a1cb_0.conda#b13ad5724ac9ae98b6b4fd87e4500ba4
https://conda.anaconda.org/conda-forge/osx-arm64/nettle-3.6-hc6a1b29_0.tar.bz2#8c245032766b474b21cb59cd88f926b7
https://conda.anaconda.org/conda-forge/noarch/poppler-data-0.4.12-hd8ed1ab_0.conda#d8d7293c5b37f39b2ac32940621c6592
https://conda.anaconda.org/conda-forge/osx-arm64/pthread-stubs-0.4-h27ca646_1001.tar.bz2#d3f26c6494d4105d4ecb85203d687102
https://conda.anaconda.org/conda-forge/osx-arm64/python_abi-3.9-4_cp39.conda#be9e11a37bbab9cfdbcb36e52d8d73cb
https://conda.anaconda.org/conda-forge/osx-arm64/tzcode-2024a-h93a5062_0.conda#33ebc94eb6420500a4aeb0fc45112bba
https://conda.anaconda.org/conda-forge/noarch/tzdata-2024a-h0c530f3_0.conda#161081fc7cec0bfda0d86d7cb595f8d8
https://conda.anaconda.org/conda-forge/osx-arm64/x264-1!161.3030-h3422bc3_1.tar.bz2#8e89219ee303071f52eba72bbb325ebc
https://conda.anaconda.org/conda-forge/osx-arm64/xorg-libxau-1.0.11-hb547adb_0.conda#ca73dc4f01ea91e44e3ed76602c5ea61
https://conda.anaconda.org/conda-forge/osx-arm64/xorg-libxdmcp-1.1.3-h27ca646_0.tar.bz2#6738b13f7fadc18725965abdd4129c36
https://conda.anaconda.org/conda-forge/osx-arm64/xz-5.2.6-h57fd34a_0.tar.bz2#39c6b54e94014701dd157f4f576ed211
https://conda.anaconda.org/conda-forge/osx-arm64/yaml-0.2.5-h3422bc3_2.tar.bz2#4bb3f014845110883a3c5ee811fd84b4
https://conda.anaconda.org/conda-forge/osx-arm64/expat-2.6.2-hebf3989_0.conda#de0cff0ec74f273c4b6aa281479906c3
https://conda.anaconda.org/conda-forge/noarch/fonts-conda-forge-1-0.tar.bz2#f766549260d6815b0c52253f1fb1bb29
https://conda.anaconda.org/conda-forge/osx-arm64/jasper-2.0.33-hc3cd1e9_1.conda#cb027ad521c063328788a8dd469e3c9c
https://conda.anaconda.org/conda-forge/osx-arm64/libasprintf-devel-0.22.5-h8fbad5d_2.conda#480c106e87d4c4791e6b55a6d1678866
https://conda.anaconda.org/conda-forge/osx-arm64/libbrotlidec-1.1.0-hb547adb_1.conda#ee1a519335cc10d0ec7e097602058c0a
https://conda.anaconda.org/conda-forge/osx-arm64/libbrotlienc-1.1.0-hb547adb_1.conda#d7e077f326a98b2cc60087eaff7c730b
https://conda.anaconda.org/conda-forge/osx-arm64/libcxx-17.0.6-h5f092b4_0.conda#a96fd5dda8ce56c86a971e0fa02751d0
https://conda.anaconda.org/conda-forge/osx-arm64/libedit-3.1.20191231-hc8eb9b7_2.tar.bz2#30e4362988a2623e9eb34337b83e01f9
https://conda.anaconda.org/conda-forge/osx-arm64/libintl-0.22.5-h8fbad5d_2.conda#3d216d0add050129007de3342be7b8c5
https://conda.anaconda.org/conda-forge/osx-arm64/libxcb-1.13-h9b22ae9_1004.tar.bz2#6b3457a192f8091cb413962f65740ac4
https://conda.anaconda.org/conda-forge/osx-arm64/libzlib-1.2.13-hfb2fe0b_6.conda#9c4e121cd926cab631bd1c4a61d18b17
https://conda.anaconda.org/conda-forge/osx-arm64/llvm-openmp-18.1.8-hde57baf_0.conda#82393fdbe38448d878a8848b6fcbcefb
https://conda.anaconda.org/conda-forge/osx-arm64/openssl-1.1.1w-h53f4e23_0.conda#38578a8fcd49146fb4bc13a1fca305b1
https://conda.anaconda.org/conda-forge/osx-arm64/readline-8.2-h92ec313_1.conda#8cbb776a2f641b943d413b3e19df71f4
https://conda.anaconda.org/conda-forge/osx-arm64/brotli-bin-1.1.0-hb547adb_1.conda#990d04f8c017b1b77103f9a7730a5f12
https://conda.anaconda.org/conda-forge/noarch/fonts-conda-ecosystem-1-0.tar.bz2#fee5683a3f04bd15cbd8318b096a27ab
https://conda.anaconda.org/conda-forge/osx-arm64/geos-3.9.1-h9f76cd9_2.tar.bz2#03a02a17a58f5947555fbce3fe76999f
https://conda.anaconda.org/conda-forge/osx-arm64/gettext-tools-0.22.5-h8fbad5d_2.conda#31117a80d73f4fac856ab09fd9f3c6b5
https://conda.anaconda.org/conda-forge/osx-arm64/gmp-6.3.0-hebf3989_1.conda#64f45819921ba710398706e1a6404eb5
https://conda.anaconda.org/conda-forge/osx-arm64/graphite2-1.3.13-hebf3989_1003.conda#339991336eeddb70076d8ca826dac625
https://conda.anaconda.org/conda-forge/osx-arm64/icu-68.2-hbdafb3b_0.tar.bz2#45d2e187f8ca20cb754b38fcfb67a3d9
https://conda.anaconda.org/conda-forge/osx-arm64/krb5-1.19.3-hf9b2bbe_0.tar.bz2#e6987ad4d068dfe9037280e239b3d5a9
https://conda.anaconda.org/conda-forge/osx-arm64/lerc-4.0.0-h9a09cb3_0.tar.bz2#de462d5aacda3b30721b512c5da4e742
https://conda.anaconda.org/conda-forge/osx-arm64/libgettextpo-0.22.5-h8fbad5d_2.conda#a66fad933e22d22599a6dd149d359d25
https://conda.anaconda.org/conda-forge/osx-arm64/libgfortran5-13.2.0-hf226fd6_3.conda#66ac81d54e95c534ae488726c1f698ea
https://conda.anaconda.org/conda-forge/osx-arm64/libintl-devel-0.22.5-h8fbad5d_2.conda#962b3348c68efd25da253e94590ea9a2
https://conda.anaconda.org/conda-forge/osx-arm64/libnghttp2-1.51.0-hd184df1_0.conda#bbc8d6defa81887dc055d9e074d751fa
https://conda.anaconda.org/conda-forge/osx-arm64/libpng-1.6.43-h091b4b1_0.conda#77e684ca58d82cae9deebafb95b1a2b8
https://conda.anaconda.org/conda-forge/osx-arm64/libspatialindex-2.0.0-h00cdb27_0.conda#774e9c4f835cb9b9fee3c3af9cfe0c28
https://conda.anaconda.org/conda-forge/osx-arm64/libsqlite-3.46.0-hfb93653_0.conda#12300188028c9bc02da965128b91b517
https://conda.anaconda.org/conda-forge/osx-arm64/libssh2-1.10.0-hb80f160_3.tar.bz2#60f87fd8eb881a4c8094824dd112140c
https://conda.anaconda.org/conda-forge/osx-arm64/libzip-1.9.2-h96606af_1.tar.bz2#66e39d7149b191cdf17804bd587d5d04
https://conda.anaconda.org/conda-forge/osx-arm64/lz4-c-1.9.3-hbdafb3b_1.tar.bz2#074b9beb2e563515c0dd46229b18d521
https://conda.anaconda.org/conda-forge/osx-arm64/nspr-4.35-hb7217d7_0.conda#f81b5ec944dbbcff3dd08375eb036efa
https://conda.anaconda.org/conda-forge/osx-arm64/pcre-8.45-hbdafb3b_0.tar.bz2#500758f2515ae07c640d255c11afc19f
https://conda.anaconda.org/conda-forge/osx-arm64/pcre2-10.43-h26f9a81_0.conda#1ddc87f00014612830f3235b5ad6d821
https://conda.anaconda.org/conda-forge/osx-arm64/pixman-0.43.4-hebf3989_0.conda#0308c68e711cd295aaa026a4f8c4b1e5
https://conda.anaconda.org/conda-forge/osx-arm64/tk-8.6.13-h5083fa2_1.conda#b50a57ba89c32b62428b71a875291c9b
https://conda.anaconda.org/conda-forge/osx-arm64/uriparser-0.9.8-h00cdb27_0.conda#e8ff9e11babbc8cd77af5a4258dc2802
https://conda.anaconda.org/conda-forge/osx-arm64/zlib-1.2.13-hfb2fe0b_6.conda#88cf27df3eff5813734b538461f4c8cf
https://conda.anaconda.org/conda-forge/osx-arm64/zstd-1.5.6-hb46c0d2_0.conda#d96942c06c3e84bfcc5efb038724a7fd
https://conda.anaconda.org/conda-forge/osx-arm64/boost-cpp-1.74.0-h32e41df_4.tar.bz2#42a03a9c9e37a2e8c7e7fab263d32743
https://conda.anaconda.org/conda-forge/osx-arm64/brotli-1.1.0-hb547adb_1.conda#a33aa58d448cbc054f887e39dd1dfaea
https://conda.anaconda.org/conda-forge/osx-arm64/freetype-2.12.1-hadb7bae_2.conda#e6085e516a3e304ce41a8ee08b9b89ad
https://conda.anaconda.org/conda-forge/osx-arm64/hdf4-4.2.15-h1a38d6a_5.tar.bz2#33632080213c000ced85118a4265256d
https://conda.anaconda.org/conda-forge/osx-arm64/libcurl-7.86.0-hd538317_1.tar.bz2#64af094274984c756c18dbbe59327a45
https://conda.anaconda.org/conda-forge/osx-arm64/libgettextpo-devel-0.22.5-h8fbad5d_2.conda#1113aa220b042b7ce8d077ea8f696f98
https://conda.anaconda.org/conda-forge/osx-arm64/libgfortran-5.0.0-13_2_0_hd922786_3.conda#4a55d9e169114b2b90d3ec4604cd7bbf
https://conda.anaconda.org/conda-forge/osx-arm64/libglib-2.80.2-h535f939_0.conda#4ac7cb698ca919924e205af3ab3aacf3
https://conda.anaconda.org/conda-forge/osx-arm64/libkml-1.3.0-h4f02115_1016.conda#2b8a6724c0edf1c31b4c053154f4a759
https://conda.anaconda.org/conda-forge/osx-arm64/libpq-13.5-h8bb6238_1.tar.bz2#498b2ad159a489a02feedeb4369a7fce
https://conda.anaconda.org/conda-forge/osx-arm64/libprotobuf-3.18.3-hb5ab8b9_0.tar.bz2#d130e98dbe9271f0e49005bee2cd8817
https://conda.anaconda.org/conda-forge/osx-arm64/librttopo-1.1.0-hf7bfa32_6.tar.bz2#d011ce592f273e9f228057610010a3a3
https://conda.anaconda.org/conda-forge/osx-arm64/libtiff-4.4.0-heb92581_5.conda#fb564626ea319252c2b3a5edc2f7640f
https://conda.anaconda.org/conda-forge/osx-arm64/libxml2-2.9.12-h538f51a_0.tar.bz2#b0ace3c42e7bf593ac9ed5efc27c2108
https://conda.anaconda.org/conda-forge/osx-arm64/nss-3.100-hc6e9f88_0.conda#5510f8855b43310ed7609395f8d777dd
https://conda.anaconda.org/conda-forge/osx-arm64/openh264-2.1.1-habe5f53_0.tar.bz2#099cf631fb608139091842ec630d6ade
https://conda.anaconda.org/conda-forge/osx-arm64/python-3.9.15-h2d96c93_0_cpython.conda#7c2f3d3b1483cdf61899b4fab18633d0
https://conda.anaconda.org/conda-forge/osx-arm64/sqlite-3.46.0-h5838104_0.conda#05c5dc8cd793dcfc5849d0569da9b175
https://conda.anaconda.org/conda-forge/osx-arm64/xerces-c-3.2.3-h4fb8152_3.tar.bz2#5097fef7d2fa861bcbeed038b68c4ef4
https://conda.anaconda.org/conda-forge/noarch/attrs-23.2.0-pyh71513ae_0.conda#5e4c0743c70186509d1412e03c2d8dfa
https://conda.anaconda.org/conda-forge/osx-arm64/brotli-python-1.1.0-py39hb198ff7_1.conda#ddf01dd9a743bd3ec9cf829d18bb8002
https://conda.anaconda.org/conda-forge/noarch/certifi-2024.6.2-pyhd8ed1ab_0.conda#8821ec1c8fcdc9e1d291d7b9f6e9968a
https://conda.anaconda.org/conda-forge/osx-arm64/cfitsio-3.470-ha83d327_7.tar.bz2#80a440f6ed160590dccd95c3b8a1c25f
https://conda.anaconda.org/conda-forge/noarch/charset-normalizer-3.3.2-pyhd8ed1ab_0.conda#7f4a9e3fcff3f6356ae99244a014da6a
https://conda.anaconda.org/conda-forge/noarch/click-8.1.7-unix_pyh707e725_0.conda#f3ad426304898027fc619827ff428eca
https://conda.anaconda.org/conda-forge/noarch/cloudpickle-3.0.0-pyhd8ed1ab_0.conda#753d29fe41bb881e4b9c004f0abf973f
https://conda.anaconda.org/conda-forge/noarch/colorama-0.4.6-pyhd8ed1ab_0.tar.bz2#3faab06a954c2a04039983f2c4a50d99
https://conda.anaconda.org/conda-forge/osx-arm64/curl-7.86.0-hd538317_1.tar.bz2#068fc793cf5223be665bcd6d35a2f28f
https://conda.anaconda.org/conda-forge/noarch/cycler-0.12.1-pyhd8ed1ab_0.conda#5cd86562580f274031ede6aa6aa24441
https://conda.anaconda.org/conda-forge/noarch/exceptiongroup-1.2.0-pyhd8ed1ab_2.conda#8d652ea2ee8eaee02ed8dc820bc794aa
https://conda.anaconda.org/conda-forge/osx-arm64/fontconfig-2.13.94-heb65262_0.tar.bz2#1a9d0133e0445cbc1b9ab68e37ae000c
https://conda.anaconda.org/conda-forge/noarch/fsspec-2024.6.0-pyhff2d567_0.conda#ad6af3f92e71b1579ac2362b6cf29105
https://conda.anaconda.org/conda-forge/osx-arm64/gettext-0.22.5-h8fbad5d_2.conda#404e2894e9cb2835246cef47317ff763
https://conda.anaconda.org/conda-forge/osx-arm64/hdf5-1.12.1-nompi_hf9525e8_104.tar.bz2#6a03714aaac17d15fc7f6fff054e40cb
https://conda.anaconda.org/conda-forge/noarch/idna-3.7-pyhd8ed1ab_0.conda#c0cc1420498b17414d8617d0b9f506ca
https://conda.anaconda.org/conda-forge/noarch/iniconfig-2.0.0-pyhd8ed1ab_0.conda#f800d2da156d08e289b14e87e43c1ae5
https://conda.anaconda.org/conda-forge/osx-arm64/kiwisolver-1.4.5-py39hbd775c9_1.conda#6a5917bf932fcaae394baaf72cc11edb
https://conda.anaconda.org/conda-forge/osx-arm64/lcms2-2.14-h8193b64_0.tar.bz2#9bc9a1c491795c92568481b6ab59d9c5
https://conda.anaconda.org/conda-forge/osx-arm64/libopenblas-0.3.25-openmp_h6c19121_0.conda#a1843550403212b9dedeeb31466ade03
https://conda.anaconda.org/conda-forge/noarch/locket-1.0.0-pyhd8ed1ab_0.tar.bz2#91e27ef3d05cc772ce627e51cff111c4
https://conda.anaconda.org/conda-forge/osx-arm64/loguru-0.7.2-py39h2804cbe_1.conda#7756663c2a8739e2daa2e99cdebb07ba
https://conda.anaconda.org/conda-forge/osx-arm64/markupsafe-2.1.5-py39h17cfd9d_0.conda#554a0bcb046e1bac7887a92f33b96acc
https://conda.anaconda.org/conda-forge/noarch/munch-4.0.0-pyhd8ed1ab_0.conda#376b32e8f9d3eacbd625f37d39bd507d
https://conda.anaconda.org/conda-forge/noarch/munkres-1.1.4-pyh9f0ad1d_0.tar.bz2#2ba8498c1018c1e9c61eb99b973dfe19
https://conda.anaconda.org/conda-forge/osx-arm64/openjpeg-2.5.0-h5d4e404_1.tar.bz2#4d65dff04bceb645c98a514c52df217f
https://conda.anaconda.org/conda-forge/noarch/packaging-24.1-pyhd8ed1ab_0.conda#cbe1bb1f21567018ce595d9c2be0f0db
https://conda.anaconda.org/conda-forge/noarch/pluggy-1.5.0-pyhd8ed1ab_0.conda#d3483c8fc2dc2cc3f5cf43e26d60cabf
https://conda.anaconda.org/conda-forge/osx-arm64/postgresql-13.5-h8fdef8c_1.tar.bz2#d13f82795abeef910576d8eb93709a23
https://conda.anaconda.org/conda-forge/osx-arm64/proj-8.1.1-h2d984c1_2.tar.bz2#a2e55c62ce71e4fb58c66127ba7e394d
https://conda.anaconda.org/conda-forge/noarch/pyparsing-3.1.2-pyhd8ed1ab_0.conda#b9a4dacf97241704529131a0dfc0494f
https://conda.anaconda.org/conda-forge/noarch/pysocks-1.7.1-pyha2e5f31_6.tar.bz2#2a7de29fb590ca14b5243c4c812c8025
https://conda.anaconda.org/conda-forge/noarch/python-tzdata-2024.1-pyhd8ed1ab_0.conda#98206ea9954216ee7540f0c773f2104d
https://conda.anaconda.org/conda-forge/noarch/pytz-2024.1-pyhd8ed1ab_0.conda#3eeeeb9e4827ace8c0c1419c85d590ad
https://conda.anaconda.org/conda-forge/osx-arm64/pyyaml-6.0.1-py39h0f82c59_1.conda#b4f3bbf710410751f687ac04544c12b1
https://conda.anaconda.org/conda-forge/osx-arm64/rtree-1.2.0-py39he2983e0_1.conda#55aa2687bb2371ff4892ad2b5f09092e
https://conda.anaconda.org/conda-forge/noarch/setuptools-70.1.0-pyhd8ed1ab_0.conda#258e66f95f814d51ada2a1fe9274039b
https://conda.anaconda.org/conda-forge/noarch/six-1.16.0-pyh6c4a22f_0.tar.bz2#e5f25f8dbc060e9a8d912e432202afc2
https://conda.anaconda.org/conda-forge/noarch/threadpoolctl-3.5.0-pyhc1e730c_0.conda#df68d78237980a159bd7149f33c0e8fd
https://conda.anaconda.org/conda-forge/noarch/tomli-2.0.1-pyhd8ed1ab_0.tar.bz2#5844808ffab9ebdb694585b50ba02a96
https://conda.anaconda.org/conda-forge/noarch/toolz-0.12.1-pyhd8ed1ab_0.conda#2fcb582444635e2c402e8569bb94e039
https://conda.anaconda.org/conda-forge/osx-arm64/tornado-6.4.1-py39hfea33bf_0.conda#f8c9c4061239770cb5f438df0237e059
https://conda.anaconda.org/conda-forge/osx-arm64/unicodedata2-15.1.0-py39h0f82c59_0.conda#39c745ba9443da902afa7f5a9e9dfcac
https://conda.anaconda.org/conda-forge/noarch/wheel-0.43.0-pyhd8ed1ab_1.conda#0b5293a157c2b5cd513dd1b03d8d3aae
https://conda.anaconda.org/conda-forge/noarch/xyzservices-2024.6.0-pyhd8ed1ab_0.conda#de631703d59e40af41c56c4b4e2928ab
https://conda.anaconda.org/conda-forge/noarch/zipp-3.19.2-pyhd8ed1ab_0.conda#49808e59df5535116f6878b2a820d6f4
https://conda.anaconda.org/conda-forge/osx-arm64/cairo-1.16.0-he69dfd1_1008.tar.bz2#1b81700acf8096f534c062f48966690b
https://conda.anaconda.org/conda-forge/noarch/click-plugins-1.1.1-py_0.tar.bz2#4fd2c6b53934bd7d96d1f3fdaf99b79f
https://conda.anaconda.org/conda-forge/noarch/cligj-0.7.2-pyhd8ed1ab_1.tar.bz2#a29b7c141d6b2de4bb67788a5f107734
https://conda.anaconda.org/conda-forge/osx-arm64/cytoolz-0.12.3-py39h17cfd9d_0.conda#819e2f7dc92fefbf1eb90c542d550259
https://conda.anaconda.org/conda-forge/osx-arm64/fonttools-4.53.0-py39hfea33bf_0.conda#4569fb546026fc12ab645a966db86629
https://conda.anaconda.org/conda-forge/osx-arm64/geotiff-1.7.0-h9718f4b_3.tar.bz2#777b5fd16d4d713a3b9d21b0d7021a06
https://conda.anaconda.org/conda-forge/osx-arm64/gnutls-3.6.13-h706517b_1.tar.bz2#973628f968cb4b03e8b3b9577f27b39f
https://conda.anaconda.org/conda-forge/noarch/importlib-metadata-7.1.0-pyha770c72_0.conda#0896606848b2dc5cebdf111b6543aa04
https://conda.anaconda.org/conda-forge/noarch/importlib_resources-6.4.0-pyhd8ed1ab_0.conda#c5d3907ad8bd7bf557521a1833cf7e6d
https://conda.anaconda.org/conda-forge/noarch/jinja2-3.1.4-pyhd8ed1ab_0.conda#7b86ecb7d3557821c649b3c31e3eb9f2
https://conda.anaconda.org/conda-forge/noarch/joblib-1.4.2-pyhd8ed1ab_0.conda#25df261d4523d9f9783bcdb7208d872f
https://conda.anaconda.org/conda-forge/osx-arm64/kealib-1.4.14-hca62043_4.tar.bz2#ca8277e2916faaa036594d42ef87a9a7
https://conda.anaconda.org/conda-forge/osx-arm64/libblas-3.9.0-20_osxarm64_openblas.conda#49bc8dec26663241ee064b2d7116ec2d
https://conda.anaconda.org/conda-forge/osx-arm64/libdap4-3.20.6-h8510809_2.tar.bz2#b61547e8f0c4fb57318482666c07d6ca
https://conda.anaconda.org/conda-forge/osx-arm64/libnetcdf-4.8.1-nompi_h96a3436_102.tar.bz2#988df78eef9d4952fc9bc01b1617ef66
https://conda.anaconda.org/conda-forge/osx-arm64/libspatialite-5.0.1-h12913e0_9.tar.bz2#2fd3c081e03c5cabfc7e33e1890c951c
https://conda.anaconda.org/conda-forge/noarch/partd-1.4.2-pyhd8ed1ab_0.conda#0badf9c54e24cecfb0ad2f99d680c163
https://conda.anaconda.org/conda-forge/osx-arm64/pillow-9.2.0-py39h139752e_3.tar.bz2#9a8ba1da3956c2f1a1b1f8f866adcacb
https://conda.anaconda.org/conda-forge/noarch/pip-24.0-pyhd8ed1ab_0.conda#f586ac1e56c8638b64f9c8122a7b8a67
https://conda.anaconda.org/conda-forge/osx-arm64/pyproj-3.2.1-py39had8e633_2.tar.bz2#ac70c9d3312a7002eda289332350122e
https://conda.anaconda.org/conda-forge/noarch/pytest-8.2.2-pyhd8ed1ab_0.conda#0f3f49c22c7ef3a1195fa61dad3c43be
https://conda.anaconda.org/conda-forge/noarch/python-dateutil-2.9.0-pyhd8ed1ab_0.conda#2cf4264fffb9e6eff6031c5b6884d61c
https://conda.anaconda.org/conda-forge/osx-arm64/tiledb-2.3.4-hd67474b_0.tar.bz2#20d14758a11e68d46e296d16647440c8
https://conda.anaconda.org/conda-forge/noarch/urllib3-2.2.2-pyhd8ed1ab_0.conda#92cdb6fe54b78739ad70637e4f0deb07
https://conda.anaconda.org/conda-forge/noarch/branca-0.7.2-pyhd8ed1ab_0.conda#5f1c719f1cac0aee5e6bd6ca7d54a7fa
https://conda.anaconda.org/conda-forge/osx-arm64/ffmpeg-4.3.2-h38cfed3_3.tar.bz2#63dbcbf0068125f35fd4f7b22326fa21
https://conda.anaconda.org/conda-forge/osx-arm64/harfbuzz-3.1.1-h13b3495_0.tar.bz2#95e609277ac163d98f2652dbc5c76c88
https://conda.anaconda.org/conda-forge/noarch/importlib-resources-6.4.0-pyhd8ed1ab_0.conda#dcbadab7a68738a028e195ab68ab2d2e
https://conda.anaconda.org/conda-forge/noarch/importlib_metadata-7.1.0-hd8ed1ab_0.conda#6ef2b72d291b39e479d7694efa2b2b98
https://conda.anaconda.org/conda-forge/osx-arm64/libcblas-3.9.0-20_osxarm64_openblas.conda#89f4718753c08afe8cda4dd5791ba94c
https://conda.anaconda.org/conda-forge/osx-arm64/liblapack-3.9.0-20_osxarm64_openblas.conda#1fefac78f2315455ce2d7f34782eac0a
https://conda.anaconda.org/conda-forge/osx-arm64/poppler-21.09.0-hb0dbcdf_3.tar.bz2#a827fdc247e2a87c7053c1f86b352ff7
https://conda.anaconda.org/conda-forge/noarch/requests-2.32.3-pyhd8ed1ab_0.conda#5ede4753180c7a550a443c430dc8ab52
https://conda.anaconda.org/conda-forge/noarch/dask-core-2024.6.1-pyhd8ed1ab_0.conda#db8563dd49ac23f1d34d40d74ff4dd99
https://conda.anaconda.org/conda-forge/osx-arm64/libgdal-3.3.3-hfb101bb_0.tar.bz2#1fc05fc298fb51650ac187f186cdb440
https://conda.anaconda.org/conda-forge/osx-arm64/liblapacke-3.9.0-20_osxarm64_openblas.conda#a727eb51ca96517d4825196f3c534dcf
https://conda.anaconda.org/conda-forge/osx-arm64/numpy-1.22.4-py39h7df2422_0.tar.bz2#859d854797724490cd0f171c35f0c38f
https://conda.anaconda.org/conda-forge/osx-arm64/contourpy-1.2.1-py39h48c5dd5_0.conda#2c4998473ca34fa4df959bd90eb9247a
https://conda.anaconda.org/conda-forge/osx-arm64/fastdtw-0.3.4-py39h766bdb0_4.conda#a60532cf798b92f81b6b1a1e33813dcd
https://conda.anaconda.org/conda-forge/noarch/folium-0.17.0-pyhd8ed1ab_0.conda#9b96a3e6e0473b5722fa4fbefcefcded
https://conda.anaconda.org/conda-forge/osx-arm64/gdal-3.3.3-py39h5305e53_0.tar.bz2#7e79246d0862f606a059c17687f16bfb
https://conda.anaconda.org/conda-forge/osx-arm64/imagecodecs-lite-2019.12.3-py39h161d348_8.conda#c447818af76d3f8db0aedb240ae9ccd8
https://conda.anaconda.org/conda-forge/noarch/imageio-2.34.1-pyh4b66e23_0.conda#bcf6a6f4c6889ca083e8d33afbafb8d5
https://conda.anaconda.org/conda-forge/osx-arm64/libopencv-4.5.3-py39ha483e44_5.tar.bz2#db0e8cba5842a5d5aa86297a1f14db82
https://conda.anaconda.org/conda-forge/osx-arm64/pandas-2.2.2-py39h998126f_1.conda#382946ebc5bd55ce0c8613dfde78a718
https://conda.anaconda.org/conda-forge/osx-arm64/pywavelets-1.4.1-py39hf4a74a7_1.conda#a15e576a2f62cf8c567e17e635b0effc
https://conda.anaconda.org/conda-forge/osx-arm64/scipy-1.8.1-py39h18313fe_3.tar.bz2#15bcbe2dd9ae6aad5a51ea0446e287d2
https://conda.anaconda.org/conda-forge/osx-arm64/shapely-1.7.1-py39he81bf5d_5.tar.bz2#f3a036423cd36c0fb3cfcc77641bac3c
https://conda.anaconda.org/conda-forge/osx-arm64/fiona-1.8.20-py39h1836e32_2.tar.bz2#53f6b204f7f87872d93c17db3782a2e8
https://conda.anaconda.org/conda-forge/noarch/geopandas-base-0.13.2-pyha770c72_1.conda#c6036236caae7d8ac684c41c64073b9e
https://conda.anaconda.org/conda-forge/osx-arm64/matplotlib-base-3.8.4-py39h15359f4_2.conda#41a288f7aea1b66c4c7c217bff50b778
https://conda.anaconda.org/conda-forge/osx-arm64/py-opencv-4.5.3-py39hfa6204d_5.tar.bz2#bdac4fbe00534ec59ecfb5efbb7313fb
https://conda.anaconda.org/conda-forge/osx-arm64/scikit-learn-1.5.0-py39h3c33c8b_1.conda#c73e82ddef2efcce67a19d1329d84e46
https://conda.anaconda.org/conda-forge/noarch/tifffile-2020.6.3-py_0.tar.bz2#1fb771bb25b2eecbc73abf5143fa35bd
https://conda.anaconda.org/conda-forge/osx-arm64/matplotlib-3.8.4-py39hdf13c20_2.conda#daa8f16df04193989bd860c9bc24a462
https://conda.anaconda.org/conda-forge/noarch/networkx-2.6.3-pyhd8ed1ab_1.tar.bz2#4028eff5a1d3deed58c98774e7aa9891
https://conda.anaconda.org/conda-forge/osx-arm64/opencv-4.5.3-py39hdf13c20_5.tar.bz2#4dac7ba0af33494fcead2d445c45b51f
https://conda.anaconda.org/conda-forge/noarch/mapclassify-2.5.0-pyhd8ed1ab_1.conda#db1aeaff6e248db425e049feffded7a9
https://conda.anaconda.org/conda-forge/osx-arm64/scikit-image-0.19.3-py39hde7b980_2.tar.bz2#1c3f171a1738bd5e2ece10068dad07ae
https://conda.anaconda.org/conda-forge/noarch/geopandas-0.13.2-pyhd8ed1ab_1.conda#47226a55e4ae3bc9feb3a17925874817
